{
  "object": {
    "pins": [
      {
        "package": "PerfectLib",
        "repositoryURL": "https://github.com/PerfectlySoft/Perfect.git",
        "state": {
          "branch": null,
          "revision": "60e44e4c62e293844581205528eefdc7e1153199",
          "version": "3.1.2"
        }
      }
    ]
  },
  "version": 1
}
